<?xml version="1.0" encoding="utf-8"?>
<Project ToolsVersion="4.0" xmlns="http://schemas.microsoft.com/developer/msbuild/2003">
  <ItemGroup>
    <Filter Include="Source Files">
      <UniqueIdentifier>{4FC737F1-C7A5-4376-A066-2A32D752A2FF}</UniqueIdentifier>
      <Extensions>cpp;c;cc;cxx;c++;cppm;ixx;def;odl;idl;hpj;bat;asm;asmx</Extensions>
    </Filter>
    <Filter Include="Header Files">
      <UniqueIdentifier>{93995380-89BD-4b04-88EB-625FBE52EBFB}</UniqueIdentifier>
      <Extensions>h;hh;hpp;hxx;h++;hm;inl;inc;ipp;xsd</Extensions>
    </Filter>
    <Filter Include="Resource Files">
      <UniqueIdentifier>{67DA6AB6-F800-4c08-8B7A-83BB121AAD01}</UniqueIdentifier>
      <Extensions>rc;ico;cur;bmp;dlg;rc2;rct;bin;rgs;gif;jpg;jpeg;jpe;resx;tiff;tif;png;wav;mfcribbon-ms</Extensions>
    </Filter>
    <Filter Include="Tests">
      <UniqueIdentifier>{ba5980c7-be80-4854-9255-6d46ec5bc23c}</UniqueIdentifier>
    </Filter>
    <Filter Include="Utils">
      <UniqueIdentifier>{40eb6fea-c33b-43da-b3d0-ab23d2be998d}</UniqueIdentifier>
    </Filter>
  </ItemGroup>
  <ItemGroup>
    <ClCompile Include="main.cpp">
      <Filter>Source Files</Filter>
    </ClCompile>
    <ClCompile Include="Tests\Utils\CustomAsserts.cpp">
      <Filter>Utils</Filter>
    </ClCompile>
  </ItemGroup>
  <ItemGroup>
    <ClInclude Include="RationalNumber.h">
      <Filter>Header Files</Filter>
    </ClInclude>
    <ClInclude Include="Tests\Test0.h">
      <Filter>Tests</Filter>
    </ClInclude>
    <ClInclude Include="Tests\Test1.h">
      <Filter>Tests</Filter>
    </ClInclude>
    <ClInclude Include="Tests\Test2.h">
      <Filter>Tests</Filter>
    </ClInclude>
    <ClInclude Include="Tests\Test3.h">
      <Filter>Tests</Filter>
    </ClInclude>
    <ClInclude Include="Tests\Test4.h">
      <Filter>Tests</Filter>
    </ClInclude>
    <ClInclude Include="Tests\Test5.h">
      <Filter>Tests</Filter>
    </ClInclude>
    <ClInclude Include="Tests\Test6.h">
      <Filter>Tests</Filter>
    </ClInclude>
    <ClInclude Include="Tests\Test7.h">
      <Filter>Tests</Filter>
    </ClInclude>
    <ClInclude Include="Tests\Test8.h">
      <Filter>Tests</Filter>
    </ClInclude>
    <ClInclude Include="Tests\Utils\CustomAsserts.h">
      <Filter>Utils</Filter>
    </ClInclude>
  </ItemGroup>
</Project>